{
  "version": 4,
  "terraform_version": "1.7.4",
  "serial": 37,
  "lineage": "5cc22de6-3f0d-917f-0588-a4162b8427d7",
  "outputs": {},
  "resources": [
    {
      "module": "module.channels",
      "mode": "managed",
      "type": "slack_conversation",
      "name": "channels",
      "provider": "provider[\"registry.terraform.io/pablovarela/slack\"]",
      "instances": [
        {
          "index_key": "01_introductions",
          "schema_version": 0,
          "attributes": {
            "action_on_destroy": "archive",
            "action_on_update_permanent_members": "none",
            "adopt_existing_channel": true,
            "created": 1711571203,
            "creator": "U06QFSWLDA6",
            "id": "C06RP60NFS6",
            "is_archived": false,
            "is_ext_shared": false,
            "is_general": false,
            "is_org_shared": false,
            "is_private": false,
            "is_shared": false,
            "name": "01_introductions",
            "permanent_members": null,
            "purpose": "Welcome to our AsyncAPI Slack! Take a moment to introduce yourself.",
            "topic": "Welcome to our AsyncAPI Slack! Take a moment to introduce yourself."
          },
          "sensitive_attributes": [],
          "private": "bnVsbA==",
          "dependencies": [
            "module.users.data.slack_user.ambassadors"
          ]
        },
        {
          "index_key": "02_general",
          "schema_version": 0,
          "attributes": {
            "action_on_destroy": "archive",
            "action_on_update_permanent_members": "none",
            "adopt_existing_channel": true,
            "created": 1711571203,
            "creator": "U06QFSWLDA6",
            "id": "C06RGGQGHBQ",
            "is_archived": false,
            "is_ext_shared": false,
            "is_general": false,
            "is_org_shared": false,
            "is_private": false,
            "is_shared": false,
            "name": "02_general",
            "permanent_members": null,
            "purpose": "This channel is for team-wide communication and announcements. All team members are in this channel.",
            "topic": "Talk here if your topic is not only about the spec, nor tools but kinda mix and involves AsyncAPI :slightly_smiling_face:"
          },
          "sensitive_attributes": [],
          "private": "bnVsbA==",
          "dependencies": [
            "module.users.data.slack_user.ambassadors"
          ]
        },
        {
          "index_key": "03_specification",
          "schema_version": 0,
          "attributes": {
            "action_on_destroy": "archive",
            "action_on_update_permanent_members": "none",
            "adopt_existing_channel": true,
            "created": 1711571206,
            "creator": "U06QFSWLDA6",
            "id": "C06RP611AEN",
            "is_archived": false,
            "is_ext_shared": false,
            "is_general": false,
            "is_org_shared": false,
            "is_private": false,
            "is_shared": false,
            "name": "03_specification",
            "permanent_members": null,
            "purpose": "All around the spec discussions. It is ok to ask for support here.",
            "topic": "All around the spec discussions. It is ok to ask for support here."
          },
          "sensitive_attributes": [],
          "private": "bnVsbA==",
          "dependencies": [
            "module.users.data.slack_user.ambassadors"
          ]
        },
        {
          "index_key": "04_tooling",
          "schema_version": 0,
          "attributes": {
            "action_on_destroy": "archive",
            "action_on_update_permanent_members": "none",
            "adopt_existing_channel": true,
            "created": 1711571203,
            "creator": "U06QFSWLDA6",
            "id": "C06RP60NN90",
            "is_archived": false,
            "is_ext_shared": false,
            "is_general": false,
            "is_org_shared": false,
            "is_private": false,
            "is_shared": false,
            "name": "04_tooling",
            "permanent_members": null,
            "purpose": "Chat about the AsyncAPI tooling",
            "topic": "All around the specs tooling discussions. It is ok to ask for support here."
          },
          "sensitive_attributes": [],
          "private": "bnVsbA==",
          "dependencies": [
            "module.users.data.slack_user.ambassadors"
          ]
        },
        {
          "index_key": "05_promotion-marketing",
          "schema_version": 0,
          "attributes": {
            "action_on_destroy": "archive",
            "action_on_update_permanent_members": "none",
            "adopt_existing_channel": true,
            "created": 1711571203,
            "creator": "U06QFSWLDA6",
            "id": "C06RP2JBWHH",
            "is_archived": false,
            "is_ext_shared": false,
            "is_general": false,
            "is_org_shared": false,
            "is_private": false,
            "is_shared": false,
            "name": "05_promotion-marketing",
            "permanent_members": null,
            "purpose": "Present launch plans for coordinated launches and to measure engagement and adoption",
            "topic": "Purpose of this channel is to help us with AsyncAPI promotion. Share your ideas for marketing and learn what we are working on at the moment. We use “channel” annotation here when we want to ask you to share our specific resources on different media."
          },
          "sensitive_attributes": [],
          "private": "bnVsbA==",
          "dependencies": [
            "module.users.data.slack_user.ambassadors"
          ]
        },
        {
          "index_key": "06_training",
          "schema_version": 0,
          "attributes": {
            "action_on_destroy": "archive",
            "action_on_update_permanent_members": "none",
            "adopt_existing_channel": true,
            "created": 1711571206,
            "creator": "U06QFSWLDA6",
            "id": "C06RRKN56MA",
            "is_archived": false,
            "is_ext_shared": false,
            "is_general": false,
            "is_org_shared": false,
            "is_private": false,
            "is_shared": false,
            "name": "06_training",
            "permanent_members": null,
            "purpose": "All about trainings, workshops, courses, etc.",
            "topic": "All about trainings, workshops, courses, etc. — \u003chttps://github.com/asyncapi/training\u003e"
          },
          "sensitive_attributes": [],
          "private": "bnVsbA==",
          "dependencies": [
            "module.users.data.slack_user.ambassadors"
          ]
        },
        {
          "index_key": "07_events",
          "schema_version": 0,
          "attributes": {
            "action_on_destroy": "archive",
            "action_on_update_permanent_members": "none",
            "adopt_existing_channel": true,
            "created": 1711571203,
            "creator": "U06QFSWLDA6",
            "id": "C06R8JTNQLX",
            "is_archived": false,
            "is_ext_shared": false,
            "is_general": false,
            "is_org_shared": false,
            "is_private": false,
            "is_shared": false,
            "name": "07_events",
            "permanent_members": null,
            "purpose": "This is the place where we regroup and discuss organization of AsyncAPI-related events. This is also a place where you can always let others know what events are you involved in, where and when do you present a topic related to AsyncAPI.",
            "topic": "This is the place where we regroup and discuss organization of AsyncAPI-related events. This is also a place where you can always let others know what events are you involved in, where and when do you present a topic related to AsyncAPI."
          },
          "sensitive_attributes": [],
          "private": "bnVsbA==",
          "dependencies": [
            "module.users.data.slack_user.ambassadors"
          ]
        },
        {
          "index_key": "08_jobs",
          "schema_version": 0,
          "attributes": {
            "action_on_destroy": "archive",
            "action_on_update_permanent_members": "none",
            "adopt_existing_channel": true,
            "created": 1711571206,
            "creator": "U06QFSWLDA6",
            "id": "C06R8JU1N8P",
            "is_archived": false,
            "is_ext_shared": false,
            "is_general": false,
            "is_org_shared": false,
            "is_private": false,
            "is_shared": false,
            "name": "08_jobs",
            "permanent_members": null,
            "purpose": "Looking for a job that will let you work on AsyncAPI? Let others know. Looking for AsyncAPI expert to join your company, post your offer here and also on the AsyncAPI website \u003chttps://www.asyncapi.com/jobs\u003e.",
            "topic": "Looking for a job that will let you work on AsyncAPI? Let others know. Looking for AsyncAPI expert to join your company, post your offer here and also on the AsyncAPI website \u003chttps://www.asyncapi.com/jobs\u003e."
          },
          "sensitive_attributes": [],
          "private": "bnVsbA==",
          "dependencies": [
            "module.users.data.slack_user.ambassadors"
          ]
        },
        {
          "index_key": "09_mentorships",
          "schema_version": 0,
          "attributes": {
            "action_on_destroy": "archive",
            "action_on_update_permanent_members": "none",
            "adopt_existing_channel": true,
            "created": 1711571203,
            "creator": "U06QFSWLDA6",
            "id": "C06S1RCT7FB",
            "is_archived": false,
            "is_ext_shared": false,
            "is_general": false,
            "is_org_shared": false,
            "is_private": false,
            "is_shared": false,
            "name": "09_mentorships",
            "permanent_members": null,
            "purpose": "We participate in many different external programs, and also have our own that will evolve in next years. This is the place where we talk about these and coordinate.",
            "topic": "We participate in many different external programs, and also have our own that will evolve in next years. This is the place where we talk about these and coordinate."
          },
          "sensitive_attributes": [],
          "private": "bnVsbA==",
          "dependencies": [
            "module.users.data.slack_user.ambassadors"
          ]
        },
        {
          "index_key": "10_watercooler",
          "schema_version": 0,
          "attributes": {
            "action_on_destroy": "archive",
            "action_on_update_permanent_members": "none",
            "adopt_existing_channel": true,
            "created": 1711571203,
            "creator": "U06QFSWLDA6",
            "id": "C06S1RCT9GR",
            "is_archived": false,
            "is_ext_shared": false,
            "is_general": false,
            "is_org_shared": false,
            "is_private": false,
            "is_shared": false,
            "name": "10_watercooler",
            "permanent_members": null,
            "purpose": "A place for non-work-related flimflam, faffing, hodge-podge or jibber-jabber you'd prefer to keep out of more focused work-related channels.",
            "topic": "Non-AsyncAPI topics. When you have a need to talk to someone “in person”, type “/zoom” in channel and start a meeting and let others know you are there. Talking to another human solves many problems."
          },
          "sensitive_attributes": [],
          "private": "bnVsbA==",
          "dependencies": [
            "module.users.data.slack_user.ambassadors"
          ]
        },
        {
          "index_key": "11_contributing",
          "schema_version": 0,
          "attributes": {
            "action_on_destroy": "archive",
            "action_on_update_permanent_members": "none",
            "adopt_existing_channel": true,
            "created": 1711571203,
            "creator": "U06QFSWLDA6",
            "id": "C06RRKMQSCC",
            "is_archived": false,
            "is_ext_shared": false,
            "is_general": false,
            "is_org_shared": false,
            "is_private": false,
            "is_shared": false,
            "name": "11_contributing",
            "permanent_members": null,
            "purpose": "Learn how to contribute. Share what you would like to learn and we will find for you a good place to start contributing",
            "topic": "Learn how to contribute. Ask contribution-related questions. Tell us what you want to learn through contribution and we will find you a good spot. Remember that you can contribute not only by pushing code."
          },
          "sensitive_attributes": [],
          "private": "bnVsbA==",
          "dependencies": [
            "module.users.data.slack_user.ambassadors"
          ]
        },
        {
          "index_key": "96_bot-stackoverflow-questions",
          "schema_version": 0,
          "attributes": {
            "action_on_destroy": "archive",
            "action_on_update_permanent_members": "none",
            "adopt_existing_channel": true,
            "created": 1711571206,
            "creator": "U06QFSWLDA6",
            "id": "C06RGGQQQES",
            "is_archived": false,
            "is_ext_shared": false,
            "is_general": false,
            "is_org_shared": false,
            "is_private": false,
            "is_shared": false,
            "name": "96_bot-stackoverflow-questions",
            "permanent_members": null,
            "purpose": "Stackoverflow questions tagged `asyncapi` from the RSS feed",
            "topic": "Stackoverflow questions tagged asyncapi from the RSS feed"
          },
          "sensitive_attributes": [],
          "private": "bnVsbA==",
          "dependencies": [
            "module.users.data.slack_user.ambassadors"
          ]
        },
        {
          "index_key": "97_bot-github-new-issues-prs",
          "schema_version": 0,
          "attributes": {
            "action_on_destroy": "archive",
            "action_on_update_permanent_members": "none",
            "adopt_existing_channel": true,
            "created": 1711571203,
            "creator": "U06QFSWLDA6",
            "id": "C06RGGQGE14",
            "is_archived": false,
            "is_ext_shared": false,
            "is_general": false,
            "is_org_shared": false,
            "is_private": false,
            "is_shared": false,
            "name": "97_bot-github-new-issues-prs",
            "permanent_members": null,
            "purpose": "Notifications about all new issues and PR except of bots",
            "topic": "Bot sends notifications about every new issue and pull request in any AsyncAPI repository."
          },
          "sensitive_attributes": [],
          "private": "bnVsbA==",
          "dependencies": [
            "module.users.data.slack_user.ambassadors"
          ]
        },
        {
          "index_key": "98_bot-github-releases",
          "schema_version": 0,
          "attributes": {
            "action_on_destroy": "archive",
            "action_on_update_permanent_members": "none",
            "adopt_existing_channel": true,
            "created": 1711571203,
            "creator": "U06QFSWLDA6",
            "id": "C06RP60NHDG",
            "is_archived": false,
            "is_ext_shared": false,
            "is_general": false,
            "is_org_shared": false,
            "is_private": false,
            "is_shared": false,
            "name": "98_bot-github-releases",
            "permanent_members": null,
            "purpose": "Notifications about new GitHub releases",
            "topic": "Bot sends notifications about every new release in any AsyncAPI repository."
          },
          "sensitive_attributes": [],
          "private": "bnVsbA==",
          "dependencies": [
            "module.users.data.slack_user.ambassadors"
          ]
        },
        {
          "index_key": "ambassadors",
          "schema_version": 0,
          "attributes": {
            "action_on_destroy": "archive",
            "action_on_update_permanent_members": "kick",
            "adopt_existing_channel": true,
            "created": 1711189055,
            "creator": "U06QFSWLDA6",
            "id": "C06QXCRM7QD",
            "is_archived": false,
            "is_ext_shared": false,
            "is_general": false,
            "is_org_shared": false,
            "is_private": true,
            "is_shared": false,
            "name": "ambassadors",
            "permanent_members": [
              "U06QFSWLDA6",
              "U06QWR556EM"
            ],
            "purpose": "A private channel for the ambassadors of the test environment to discuss and share information.",
            "topic": "Private channel for ambassadors of the test environment"
          },
          "sensitive_attributes": [],
          "private": "bnVsbA==",
          "dependencies": [
            "module.users.data.slack_user.ambassadors"
          ]
        },
        {
          "index_key": "maintainers",
          "schema_version": 0,
          "attributes": {
            "action_on_destroy": "archive",
            "action_on_update_permanent_members": "kick",
            "adopt_existing_channel": true,
            "created": 1711189151,
            "creator": "U06QFSWLDA6",
            "id": "C06QKPC4L87",
            "is_archived": false,
            "is_ext_shared": false,
            "is_general": false,
            "is_org_shared": false,
            "is_private": true,
            "is_shared": false,
            "name": "maintainers",
            "permanent_members": [
              "U06Q3J4SR5M",
              "U06QFSWLDA6",
              "U06QWQKA51P",
              "U06R27M7PHP",
              "U06R6V51YSC"
            ],
            "purpose": "A private channel for the maintainers of the test environment to discuss and share information.",
            "topic": "Private channel for maintainers of the test environment"
          },
          "sensitive_attributes": [],
          "private": "bnVsbA==",
          "dependencies": [
            "module.users.data.slack_user.ambassadors"
          ]
        },
        {
          "index_key": "random-test",
          "schema_version": 0,
          "attributes": {
            "action_on_destroy": "archive",
            "action_on_update_permanent_members": "none",
            "adopt_existing_channel": true,
            "created": 1711189055,
            "creator": "U06QFSWLDA6",
            "id": "C06RP44V1BJ",
            "is_archived": false,
            "is_ext_shared": false,
            "is_general": false,
            "is_org_shared": false,
            "is_private": false,
            "is_shared": false,
            "name": "random-test",
            "permanent_members": [
              "U06Q3J4SR5M",
              "U06QFSWLDA6",
              "U06QWQKA51P",
              "U06R6V51YSC"
            ],
            "purpose": "A place for non-work-related flimflam, faffing, hodge-podge or jibber-jabber you'd prefer to keep out of more focused work-related channels.",
            "topic": "Non-work banter and water cooler conversation"
          },
          "sensitive_attributes": [],
          "private": "bnVsbA==",
          "dependencies": [
            "module.users.data.slack_user.ambassadors"
          ]
        }
      ]
    },
    {
      "module": "module.groups",
      "mode": "managed",
      "type": "slack_usergroup",
      "name": "groups",
      "provider": "provider[\"registry.terraform.io/pablovarela/slack\"]",
      "instances": [
        {
          "index_key": "ambassador",
          "schema_version": 0,
          "attributes": {
            "channels": [],
            "description": "Ambassadors",
            "handle": "ambassador",
            "id": "S06QWBLHB9B",
            "name": "ambassador",
            "users": [
              "U06QFSWLDA6",
              "U06QWR556EM"
            ]
          },
          "sensitive_attributes": [],
          "private": "bnVsbA==",
          "dependencies": [
            "module.users.data.slack_user.ambassadors"
          ]
        },
        {
          "index_key": "maintainer",
          "schema_version": 0,
          "attributes": {
            "channels": [],
            "description": "Maintainers",
            "handle": "maintainer",
            "id": "S06RN2CDTG8",
            "name": "maintainer",
            "users": [
              "U06Q3J4SR5M",
              "U06QFSWLDA6",
              "U06QWQKA51P",
              "U06R27M7PHP",
              "U06R6V51YSC"
            ]
          },
          "sensitive_attributes": [],
          "private": "bnVsbA==",
          "dependencies": [
            "module.users.data.slack_user.ambassadors"
          ]
        },
        {
          "index_key": "tsc_members",
          "schema_version": 0,
          "attributes": {
            "channels": [],
            "description": "TSC members",
            "handle": "tsc_members",
            "id": "S06QXBNKZNH",
            "name": "tsc_members",
            "users": [
              "U06QFSWLDA6",
              "U06QWQKA51P",
              "U06R27M7PHP",
              "U06R6V51YSC"
            ]
          },
          "sensitive_attributes": [],
          "private": "bnVsbA==",
          "dependencies": [
            "module.users.data.slack_user.ambassadors"
          ]
        }
      ]
    },
    {
      "module": "module.groups",
      "mode": "managed",
      "type": "slack_usergroup",
      "name": "maintainer_repos",
      "provider": "provider[\"registry.terraform.io/pablovarela/slack\"]",
      "instances": [
        {
          "index_key": "another-repo",
          "schema_version": 0,
          "attributes": {
            "channels": [],
            "description": "Maintainers for another-repo",
            "handle": "maintainer_another-repo",
            "id": "S06QTMPQKBQ",
            "name": "maintainer_another-repo",
            "users": [
              "U06R27M7PHP"
            ]
          },
          "sensitive_attributes": [],
          "private": "bnVsbA==",
          "dependencies": [
            "module.users.data.slack_user.ambassadors"
          ]
        },
        {
          "index_key": "github-action-for-cli",
          "schema_version": 0,
          "attributes": {
            "channels": [],
            "description": "Maintainers for github-action-for-cli",
            "handle": "maintainer_github-action-for-cli",
            "id": "S06QTL0GNAJ",
            "name": "maintainer_github-action-for-cli",
            "users": [
              "U06QFSWLDA6",
              "U06QWQKA51P"
            ]
          },
          "sensitive_attributes": [],
          "private": "bnVsbA==",
          "dependencies": [
            "module.users.data.slack_user.ambassadors"
          ]
        },
        {
          "index_key": "new-repo",
          "schema_version": 0,
          "attributes": {
            "channels": [],
            "description": "Maintainers for new-repo",
            "handle": "maintainer_new-repo",
            "id": "S06QKPVDG7R",
            "name": "maintainer_new-repo",
            "users": [
              "U06QWQKA51P",
              "U06R27M7PHP"
            ]
          },
          "sensitive_attributes": [],
          "private": "bnVsbA==",
          "dependencies": [
            "module.users.data.slack_user.ambassadors"
          ]
        },
        {
          "index_key": "website",
          "schema_version": 0,
          "attributes": {
            "channels": [],
            "description": "Maintainers for website",
            "handle": "maintainer_website",
            "id": "S06QXBMGE77",
            "name": "maintainer_website",
            "users": [
              "U06Q3J4SR5M",
              "U06QWQKA51P",
              "U06R6V51YSC"
            ]
          },
          "sensitive_attributes": [],
          "private": "bnVsbA==",
          "dependencies": [
            "module.users.data.slack_user.ambassadors"
          ]
        }
      ]
    },
    {
      "module": "module.users",
      "mode": "data",
      "type": "slack_user",
      "name": "ambassadors",
      "provider": "provider[\"registry.terraform.io/pablovarela/slack\"]",
      "instances": [
        {
          "index_key": "ashishpadhy123@gmail.com",
          "schema_version": 0,
          "attributes": {
            "email": "ashishpadhy123@gmail.com",
            "id": "U06QFSWLDA6",
            "name": "ashishpadhy123"
          },
          "sensitive_attributes": []
        },
        {
          "index_key": "shurtugal3023@gmail.com",
          "schema_version": 0,
          "attributes": {
            "email": "shurtugal3023@gmail.com",
            "id": "U06QWR556EM",
            "name": "shurtugal3023"
          },
          "sensitive_attributes": []
        }
      ]
    }
  ],
  "check_results": null
}
