{
  "version": 4,
  "terraform_version": "1.8.0",
  "serial": 69,
  "lineage": "5cc22de6-3f0d-917f-0588-a4162b8427d7",
  "outputs": {},
  "resources": [
    {
      "module": "module.channels",
      "mode": "managed",
      "type": "slack_conversation",
      "name": "channels",
      "provider": "provider[\"registry.terraform.io/pablovarela/slack\"]",
      "instances": [
        {
          "index_key": "01_introductions",
          "schema_version": 0,
          "attributes": {
            "action_on_destroy": "archive",
            "action_on_update_permanent_members": "none",
            "adopt_existing_channel": true,
            "created": 1711571203,
            "creator": "U06QFSWLDA6",
            "id": "C06RP60NFS6",
            "is_archived": false,
            "is_ext_shared": false,
            "is_general": false,
            "is_org_shared": false,
            "is_private": false,
            "is_shared": false,
            "name": "01_introductions",
            "permanent_members": null,
            "purpose": "Welcome to our AsyncAPI Slack! Take a moment to introduce yourself.",
            "topic": "Welcome to our AsyncAPI Slack! Take a moment to introduce yourself."
          },
          "sensitive_attributes": [],
          "private": "bnVsbA==",
          "dependencies": [
            "module.users.data.slack_user.ambassadors"
          ]
        },
        {
          "index_key": "02_general",
          "schema_version": 0,
          "attributes": {
            "action_on_destroy": "archive",
            "action_on_update_permanent_members": "none",
            "adopt_existing_channel": true,
            "created": 1711571203,
            "creator": "U06QFSWLDA6",
            "id": "C06RGGQGHBQ",
            "is_archived": false,
            "is_ext_shared": false,
            "is_general": false,
            "is_org_shared": false,
            "is_private": false,
            "is_shared": false,
            "name": "02_general",
            "permanent_members": null,
            "purpose": "This channel is for team-wide communication and announcements. All team members are in this channel.",
            "topic": "Talk here if your topic is not only about the spec, nor tools but kinda mix and involves AsyncAPI :slightly_smiling_face:"
          },
          "sensitive_attributes": [],
          "private": "bnVsbA==",
          "dependencies": [
            "module.users.data.slack_user.ambassadors"
          ]
        },
        {
          "index_key": "03_specification",
          "schema_version": 0,
          "attributes": {
            "action_on_destroy": "archive",
            "action_on_update_permanent_members": "none",
            "adopt_existing_channel": true,
            "created": 1711571206,
            "creator": "U06QFSWLDA6",
            "id": "C06RP611AEN",
            "is_archived": false,
            "is_ext_shared": false,
            "is_general": false,
            "is_org_shared": false,
            "is_private": false,
            "is_shared": false,
            "name": "03_specification",
            "permanent_members": null,
            "purpose": "All around the spec discussions. It is ok to ask for support here.",
            "topic": "All around the spec discussions. It is ok to ask for support here."
          },
          "sensitive_attributes": [],
          "private": "bnVsbA==",
          "dependencies": [
            "module.users.data.slack_user.ambassadors"
          ]
        },
        {
          "index_key": "04_tooling",
          "schema_version": 0,
          "attributes": {
            "action_on_destroy": "archive",
            "action_on_update_permanent_members": "none",
            "adopt_existing_channel": true,
            "created": 1711571203,
            "creator": "U06QFSWLDA6",
            "id": "C06RP60NN90",
            "is_archived": false,
            "is_ext_shared": false,
            "is_general": false,
            "is_org_shared": false,
            "is_private": false,
            "is_shared": false,
            "name": "04_tooling",
            "permanent_members": null,
            "purpose": "Chat about the AsyncAPI tooling",
            "topic": "All around the specs tooling discussions. It is ok to ask for support here."
          },
          "sensitive_attributes": [],
          "private": "bnVsbA==",
          "dependencies": [
            "module.users.data.slack_user.ambassadors"
          ]
        },
        {
          "index_key": "05_promotion-marketing",
          "schema_version": 0,
          "attributes": {
            "action_on_destroy": "archive",
            "action_on_update_permanent_members": "none",
            "adopt_existing_channel": true,
            "created": 1711571203,
            "creator": "U06QFSWLDA6",
            "id": "C06RP2JBWHH",
            "is_archived": false,
            "is_ext_shared": false,
            "is_general": false,
            "is_org_shared": false,
            "is_private": false,
            "is_shared": false,
            "name": "05_promotion-marketing",
            "permanent_members": null,
            "purpose": "Present launch plans for coordinated launches and to measure engagement and adoption",
            "topic": "Purpose of this channel is to help us with AsyncAPI promotion. Share your ideas for marketing and learn what we are working on at the moment. We use “channel” annotation here when we want to ask you to share our specific resources on different media."
          },
          "sensitive_attributes": [],
          "private": "bnVsbA==",
          "dependencies": [
            "module.users.data.slack_user.ambassadors"
          ]
        },
        {
          "index_key": "06_training",
          "schema_version": 0,
          "attributes": {
            "action_on_destroy": "archive",
            "action_on_update_permanent_members": "none",
            "adopt_existing_channel": true,
            "created": 1711571206,
            "creator": "U06QFSWLDA6",
            "id": "C06RRKN56MA",
            "is_archived": false,
            "is_ext_shared": false,
            "is_general": false,
            "is_org_shared": false,
            "is_private": false,
            "is_shared": false,
            "name": "06_training",
            "permanent_members": null,
            "purpose": "All about trainings, workshops, courses, etc.",
            "topic": "All about trainings, workshops, courses, etc. — \u003chttps://github.com/asyncapi/training\u003e"
          },
          "sensitive_attributes": [],
          "private": "bnVsbA==",
          "dependencies": [
            "module.users.data.slack_user.ambassadors"
          ]
        },
        {
          "index_key": "07_events",
          "schema_version": 0,
          "attributes": {
            "action_on_destroy": "archive",
            "action_on_update_permanent_members": "none",
            "adopt_existing_channel": true,
            "created": 1711571203,
            "creator": "U06QFSWLDA6",
            "id": "C06R8JTNQLX",
            "is_archived": false,
            "is_ext_shared": false,
            "is_general": false,
            "is_org_shared": false,
            "is_private": false,
            "is_shared": false,
            "name": "07_events",
            "permanent_members": null,
            "purpose": "This is the place where we regroup and discuss organization of AsyncAPI-related events. This is also a place where you can always let others know what events are you involved in, where and when do you present a topic related to AsyncAPI.",
            "topic": "This is the place where we regroup and discuss organization of AsyncAPI-related events. This is also a place where you can always let others know what events are you involved in, where and when do you present a topic related to AsyncAPI."
          },
          "sensitive_attributes": [],
          "private": "bnVsbA==",
          "dependencies": [
            "module.users.data.slack_user.ambassadors"
          ]
        },
        {
          "index_key": "08_jobs",
          "schema_version": 0,
          "attributes": {
            "action_on_destroy": "archive",
            "action_on_update_permanent_members": "none",
            "adopt_existing_channel": true,
            "created": 1711571206,
            "creator": "U06QFSWLDA6",
            "id": "C06R8JU1N8P",
            "is_archived": false,
            "is_ext_shared": false,
            "is_general": false,
            "is_org_shared": false,
            "is_private": false,
            "is_shared": false,
            "name": "08_jobs",
            "permanent_members": null,
            "purpose": "Looking for a job that will let you work on AsyncAPI? Let others know. Looking for AsyncAPI expert to join your company, post your offer here and also on the AsyncAPI website \u003chttps://www.asyncapi.com/jobs\u003e.",
            "topic": "Looking for a job that will let you work on AsyncAPI? Let others know. Looking for AsyncAPI expert to join your company, post your offer here and also on the AsyncAPI website \u003chttps://www.asyncapi.com/jobs\u003e."
          },
          "sensitive_attributes": [],
          "private": "bnVsbA==",
          "dependencies": [
            "module.users.data.slack_user.ambassadors"
          ]
        },
        {
          "index_key": "09_mentorships",
          "schema_version": 0,
          "attributes": {
            "action_on_destroy": "archive",
            "action_on_update_permanent_members": "none",
            "adopt_existing_channel": true,
            "created": 1711571203,
            "creator": "U06QFSWLDA6",
            "id": "C06S1RCT7FB",
            "is_archived": false,
            "is_ext_shared": false,
            "is_general": false,
            "is_org_shared": false,
            "is_private": false,
            "is_shared": false,
            "name": "09_mentorships",
            "permanent_members": null,
            "purpose": "We participate in many different external programs, and also have our own that will evolve in next years. This is the place where we talk about these and coordinate.",
            "topic": "We participate in many different external programs, and also have our own that will evolve in next years. This is the place where we talk about these and coordinate."
          },
          "sensitive_attributes": [],
          "private": "bnVsbA==",
          "dependencies": [
            "module.users.data.slack_user.ambassadors"
          ]
        },
        {
          "index_key": "10_watercooler",
          "schema_version": 0,
          "attributes": {
            "action_on_destroy": "archive",
            "action_on_update_permanent_members": "none",
            "adopt_existing_channel": true,
            "created": 1711571203,
            "creator": "U06QFSWLDA6",
            "id": "C06S1RCT9GR",
            "is_archived": false,
            "is_ext_shared": false,
            "is_general": false,
            "is_org_shared": false,
            "is_private": false,
            "is_shared": false,
            "name": "10_watercooler",
            "permanent_members": null,
            "purpose": "A place for non-work-related flimflam, faffing, hodge-podge or jibber-jabber you'd prefer to keep out of more focused work-related channels.",
            "topic": "Non-AsyncAPI topics. When you have a need to talk to someone “in person”, type “/zoom” in channel and start a meeting and let others know you are there. Talking to another human solves many problems."
          },
          "sensitive_attributes": [],
          "private": "bnVsbA==",
          "dependencies": [
            "module.users.data.slack_user.ambassadors"
          ]
        },
        {
          "index_key": "11_contributing",
          "schema_version": 0,
          "attributes": {
            "action_on_destroy": "archive",
            "action_on_update_permanent_members": "none",
            "adopt_existing_channel": true,
            "created": 1711571203,
            "creator": "U06QFSWLDA6",
            "id": "C06RRKMQSCC",
            "is_archived": false,
            "is_ext_shared": false,
            "is_general": false,
            "is_org_shared": false,
            "is_private": false,
            "is_shared": false,
            "name": "11_contributing",
            "permanent_members": null,
            "purpose": "Learn how to contribute. Share what you would like to learn and we will find for you a good place to start contributing",
            "topic": "Learn how to contribute. Ask contribution-related questions. Tell us what you want to learn through contribution and we will find you a good spot. Remember that you can contribute not only by pushing code."
          },
          "sensitive_attributes": [],
          "private": "bnVsbA==",
          "dependencies": [
            "module.users.data.slack_user.ambassadors"
          ]
        },
        {
          "index_key": "12_design",
          "schema_version": 0,
          "attributes": {
            "action_on_destroy": "archive",
            "action_on_update_permanent_members": "none",
            "adopt_existing_channel": true,
            "created": 1712232227,
            "creator": "U06QFSWLDA6",
            "id": "C06T5FG4MUH",
            "is_archived": false,
            "is_ext_shared": false,
            "is_general": false,
            "is_org_shared": false,
            "is_private": false,
            "is_shared": false,
            "name": "12_design",
            "permanent_members": null,
            "purpose": "Discuss design-related topics such as branding, design system, UI kit, and any other misc. design projects. Have a design request? Use this channel to propose and discuss your request!",
            "topic": "Discuss design-related topics such as branding, design system, UI kit, and any other misc. design projects. Have a design request? Use this channel to propose and discuss your request!"
          },
          "sensitive_attributes": [],
          "private": "bnVsbA==",
          "dependencies": [
            "module.users.data.slack_user.ambassadors"
          ]
        },
        {
          "index_key": "13_docs",
          "schema_version": 0,
          "attributes": {
            "action_on_destroy": "archive",
            "action_on_update_permanent_members": "none",
            "adopt_existing_channel": true,
            "created": 1712232227,
            "creator": "U06QFSWLDA6",
            "id": "C06T5FG449F",
            "is_archived": false,
            "is_ext_shared": false,
            "is_general": false,
            "is_org_shared": false,
            "is_private": false,
            "is_shared": false,
            "name": "13_docs",
            "permanent_members": null,
            "purpose": "test bookmark still stays after change in self :bookmark_tabs: Discuss AsyncAPI Docs: Feel free to open issues for documentation requests and to share ideas/feedback on open issues. \u003chttps://github.com/orgs/asyncapi/projects/8\u003e",
            "topic": ""
          },
          "sensitive_attributes": [],
          "private": "bnVsbA==",
          "dependencies": [
            "module.users.data.slack_user.ambassadors"
          ]
        },
        {
          "index_key": "14_accessibility",
          "schema_version": 0,
          "attributes": {
            "action_on_destroy": "archive",
            "action_on_update_permanent_members": "none",
            "adopt_existing_channel": true,
            "created": 1712232227,
            "creator": "U06QFSWLDA6",
            "id": "C06SPTU23DK",
            "is_archived": false,
            "is_ext_shared": false,
            "is_general": false,
            "is_org_shared": false,
            "is_private": false,
            "is_shared": false,
            "name": "14_accessibility",
            "permanent_members": null,
            "purpose": "Accessibility throughout the AsyncAPI Initiative",
            "topic": "Accessibility throughout the asyncAPI Initiative"
          },
          "sensitive_attributes": [],
          "private": "bnVsbA==",
          "dependencies": [
            "module.users.data.slack_user.ambassadors"
          ]
        },
        {
          "index_key": "15_ambassadors",
          "schema_version": 0,
          "attributes": {
            "action_on_destroy": "archive",
            "action_on_update_permanent_members": "none",
            "adopt_existing_channel": true,
            "created": 1712232227,
            "creator": "U06QFSWLDA6",
            "id": "C06T5FG458R",
            "is_archived": false,
            "is_ext_shared": false,
            "is_general": false,
            "is_org_shared": false,
            "is_private": false,
            "is_shared": false,
            "name": "15_ambassadors",
            "permanent_members": null,
            "purpose": "All about the Ambassador Program. Feel free to participate!",
            "topic": ""
          },
          "sensitive_attributes": [],
          "private": "bnVsbA==",
          "dependencies": [
            "module.users.data.slack_user.ambassadors"
          ]
        },
        {
          "index_key": "16_news",
          "schema_version": 0,
          "attributes": {
            "action_on_destroy": "archive",
            "action_on_update_permanent_members": "none",
            "adopt_existing_channel": true,
            "created": 1712232227,
            "creator": "U06QFSWLDA6",
            "id": "C06SC8Y2SH5",
            "is_archived": false,
            "is_ext_shared": false,
            "is_general": false,
            "is_org_shared": false,
            "is_private": false,
            "is_shared": false,
            "name": "16_news",
            "permanent_members": null,
            "purpose": "Share links to news you find about AsyncAPI (or related stuff) on the internet. Did you write something and want us to help you promote it? Use the \u003c#CH44ZMJAZ|05_promotion-marketing\u003e channel instead.",
            "topic": ""
          },
          "sensitive_attributes": [],
          "private": "bnVsbA==",
          "dependencies": [
            "module.users.data.slack_user.ambassadors"
          ]
        },
        {
          "index_key": "17_bounty",
          "schema_version": 0,
          "attributes": {
            "action_on_destroy": "archive",
            "action_on_update_permanent_members": "none",
            "adopt_existing_channel": true,
            "created": 1712232227,
            "creator": "U06QFSWLDA6",
            "id": "C06SC8Y3HGX",
            "is_archived": false,
            "is_ext_shared": false,
            "is_general": false,
            "is_org_shared": false,
            "is_private": false,
            "is_shared": false,
            "name": "17_bounty",
            "permanent_members": null,
            "purpose": "This is the place where we discuss everything related to the Bounty Program.",
            "topic": "All about the AsyncAPI Bounty Program discussions."
          },
          "sensitive_attributes": [],
          "private": "bnVsbA==",
          "dependencies": [
            "module.users.data.slack_user.ambassadors"
          ]
        },
        {
          "index_key": "18_asyncapi-v3",
          "schema_version": 0,
          "attributes": {
            "action_on_destroy": "archive",
            "action_on_update_permanent_members": "none",
            "adopt_existing_channel": true,
            "created": 1712232228,
            "creator": "U06QFSWLDA6",
            "id": "C06SC8Y5G7R",
            "is_archived": false,
            "is_ext_shared": false,
            "is_general": false,
            "is_org_shared": false,
            "is_private": false,
            "is_shared": false,
            "name": "18_asyncapi-v3",
            "permanent_members": null,
            "purpose": "",
            "topic": "This is the channel where we talk about AsyncAPI v3. From announcements, blogs, and livestreams."
          },
          "sensitive_attributes": [],
          "private": "bnVsbA==",
          "dependencies": [
            "module.users.data.slack_user.ambassadors"
          ]
        },
        {
          "index_key": "19_coc",
          "schema_version": 0,
          "attributes": {
            "action_on_destroy": "archive",
            "action_on_update_permanent_members": "none",
            "adopt_existing_channel": true,
            "created": 1712232226,
            "creator": "U06QFSWLDA6",
            "id": "C06T5FG1309",
            "is_archived": false,
            "is_ext_shared": false,
            "is_general": false,
            "is_org_shared": false,
            "is_private": false,
            "is_shared": false,
            "name": "19_coc",
            "permanent_members": null,
            "purpose": "Feel free to openly ask the Code of Conduct Committee if you have any questions.",
            "topic": ""
          },
          "sensitive_attributes": [],
          "private": "bnVsbA==",
          "dependencies": [
            "module.users.data.slack_user.ambassadors"
          ]
        },
        {
          "index_key": "93_bot-infra-alerts",
          "schema_version": 0,
          "attributes": {
            "action_on_destroy": "archive",
            "action_on_update_permanent_members": "none",
            "adopt_existing_channel": true,
            "created": 1712232226,
            "creator": "U06QFSWLDA6",
            "id": "C06SSN1CTNX",
            "is_archived": false,
            "is_ext_shared": false,
            "is_general": false,
            "is_org_shared": false,
            "is_private": false,
            "is_shared": false,
            "name": "93_bot-infra-alerts",
            "permanent_members": null,
            "purpose": "Alerts on infrastructure monitoring (New Relic by now)",
            "topic": ""
          },
          "sensitive_attributes": [],
          "private": "bnVsbA==",
          "dependencies": [
            "module.users.data.slack_user.ambassadors"
          ]
        },
        {
          "index_key": "94_bot-failing-ci",
          "schema_version": 0,
          "attributes": {
            "action_on_destroy": "archive",
            "action_on_update_permanent_members": "none",
            "adopt_existing_channel": true,
            "created": 1712232226,
            "creator": "U06QFSWLDA6",
            "id": "C06SPTTTQ1K",
            "is_archived": false,
            "is_ext_shared": false,
            "is_general": false,
            "is_org_shared": false,
            "is_private": false,
            "is_shared": false,
            "name": "94_bot-failing-ci",
            "permanent_members": null,
            "purpose": "When something wrong happens in CI and we configure Slack alerts - these should end up in this channel",
            "topic": ""
          },
          "sensitive_attributes": [],
          "private": "bnVsbA==",
          "dependencies": [
            "module.users.data.slack_user.ambassadors"
          ]
        },
        {
          "index_key": "95_bot-tsc-members-mentioned",
          "schema_version": 0,
          "attributes": {
            "action_on_destroy": "archive",
            "action_on_update_permanent_members": "none",
            "adopt_existing_channel": true,
            "created": 1712232226,
            "creator": "U06QFSWLDA6",
            "id": "C06SC8XUQB1",
            "is_archived": false,
            "is_ext_shared": false,
            "is_general": false,
            "is_org_shared": false,
            "is_private": false,
            "is_shared": false,
            "name": "95_bot-tsc-members-mentioned",
            "permanent_members": null,
            "purpose": "This channel is here to mainly help TSC members to get notifications other than email or GitHub notifications, every time TSC GitHub team is mentioned in issues, PRs and discussions",
            "topic": "This channel is here to mainly help TSC members to get notifications other than email or GitHub notifications, every time TSC GitHub team is mentioned in issues, PRs and discussions"
          },
          "sensitive_attributes": [],
          "private": "bnVsbA==",
          "dependencies": [
            "module.users.data.slack_user.ambassadors"
          ]
        },
        {
          "index_key": "96_bot-stackoverflow-questions",
          "schema_version": 0,
          "attributes": {
            "action_on_destroy": "archive",
            "action_on_update_permanent_members": "none",
            "adopt_existing_channel": true,
            "created": 1711571206,
            "creator": "U06QFSWLDA6",
            "id": "C06RGGQQQES",
            "is_archived": false,
            "is_ext_shared": false,
            "is_general": false,
            "is_org_shared": false,
            "is_private": false,
            "is_shared": false,
            "name": "96_bot-stackoverflow-questions",
            "permanent_members": null,
            "purpose": "Stackoverflow questions tagged `asyncapi` from the RSS feed",
            "topic": "Stackoverflow questions tagged asyncapi from the RSS feed"
          },
          "sensitive_attributes": [],
          "private": "bnVsbA==",
          "dependencies": [
            "module.users.data.slack_user.ambassadors"
          ]
        },
        {
          "index_key": "97_bot-github-new-issues-prs",
          "schema_version": 0,
          "attributes": {
            "action_on_destroy": "archive",
            "action_on_update_permanent_members": "none",
            "adopt_existing_channel": true,
            "created": 1711571203,
            "creator": "U06QFSWLDA6",
            "id": "C06RGGQGE14",
            "is_archived": false,
            "is_ext_shared": false,
            "is_general": false,
            "is_org_shared": false,
            "is_private": false,
            "is_shared": false,
            "name": "97_bot-github-new-issues-prs",
            "permanent_members": null,
            "purpose": "Notifications about all new issues and PR except of bots",
            "topic": "Bot sends notifications about every new issue and pull request in any AsyncAPI repository."
          },
          "sensitive_attributes": [],
          "private": "bnVsbA==",
          "dependencies": [
            "module.users.data.slack_user.ambassadors"
          ]
        },
        {
          "index_key": "98_bot-github-releases",
          "schema_version": 0,
          "attributes": {
            "action_on_destroy": "archive",
            "action_on_update_permanent_members": "none",
            "adopt_existing_channel": true,
            "created": 1711571203,
            "creator": "U06QFSWLDA6",
            "id": "C06RP60NHDG",
            "is_archived": false,
            "is_ext_shared": false,
            "is_general": false,
            "is_org_shared": false,
            "is_private": false,
            "is_shared": false,
            "name": "98_bot-github-releases",
            "permanent_members": null,
            "purpose": "Notifications about new GitHub releases",
            "topic": "Bot sends notifications about every new release in any AsyncAPI repository."
          },
          "sensitive_attributes": [],
          "private": "bnVsbA==",
          "dependencies": [
            "module.users.data.slack_user.ambassadors"
          ]
        },
        {
          "index_key": "ambassadors",
          "schema_version": 0,
          "attributes": {
            "action_on_destroy": "archive",
            "action_on_update_permanent_members": "kick",
            "adopt_existing_channel": true,
            "created": 1711189055,
            "creator": "U06QFSWLDA6",
            "id": "C06QXCRM7QD",
            "is_archived": false,
            "is_ext_shared": false,
            "is_general": false,
            "is_org_shared": false,
            "is_private": true,
            "is_shared": false,
            "name": "ambassadors",
            "permanent_members": [
              "U06QFSWLDA6",
              "U06QWR556EM"
            ],
            "purpose": "A private channel for the ambassadors of the test environment to discuss and share information.",
            "topic": "Private channel for ambassadors of the test environment"
          },
          "sensitive_attributes": [],
          "private": "bnVsbA==",
          "dependencies": [
            "module.users.data.slack_user.ambassadors"
          ]
        },
        {
          "index_key": "glee-demos",
          "schema_version": 0,
          "attributes": {
            "action_on_destroy": "archive",
            "action_on_update_permanent_members": "none",
            "adopt_existing_channel": true,
            "created": 1712232227,
            "creator": "U06QFSWLDA6",
            "id": "C06SC8Y2GHM",
            "is_archived": false,
            "is_ext_shared": false,
            "is_general": false,
            "is_org_shared": false,
            "is_private": false,
            "is_shared": false,
            "name": "glee-demos",
            "permanent_members": null,
            "purpose": "",
            "topic": ""
          },
          "sensitive_attributes": [],
          "private": "bnVsbA==",
          "dependencies": [
            "module.users.data.slack_user.ambassadors"
          ]
        },
        {
          "index_key": "gsoc2021-students-mentors-collaboration",
          "schema_version": 0,
          "attributes": {
            "action_on_destroy": "archive",
            "action_on_update_permanent_members": "none",
            "adopt_existing_channel": true,
            "created": 1712232228,
            "creator": "U06QFSWLDA6",
            "id": "C06SPTU42BF",
            "is_archived": false,
            "is_ext_shared": false,
            "is_general": false,
            "is_org_shared": false,
            "is_private": false,
            "is_shared": false,
            "name": "gsoc2021-students-mentors-collaboration",
            "permanent_members": null,
            "purpose": "",
            "topic": ""
          },
          "sensitive_attributes": [],
          "private": "bnVsbA==",
          "dependencies": [
            "module.users.data.slack_user.ambassadors"
          ]
        },
        {
          "index_key": "help-",
          "schema_version": 0,
          "attributes": {
            "action_on_destroy": "archive",
            "action_on_update_permanent_members": "none",
            "adopt_existing_channel": true,
            "created": 1712232226,
            "creator": "U06QFSWLDA6",
            "id": "C06SL6TQHAS",
            "is_archived": false,
            "is_ext_shared": false,
            "is_general": false,
            "is_org_shared": false,
            "is_private": false,
            "is_shared": false,
            "name": "help-",
            "permanent_members": null,
            "purpose": "",
            "topic": ""
          },
          "sensitive_attributes": [],
          "private": "bnVsbA==",
          "dependencies": [
            "module.users.data.slack_user.ambassadors"
          ]
        },
        {
          "index_key": "jsonschema",
          "schema_version": 0,
          "attributes": {
            "action_on_destroy": "archive",
            "action_on_update_permanent_members": "none",
            "adopt_existing_channel": true,
            "created": 1712232226,
            "creator": "U06QFSWLDA6",
            "id": "C06SSN1CQH1",
            "is_archived": false,
            "is_ext_shared": false,
            "is_general": false,
            "is_org_shared": false,
            "is_private": false,
            "is_shared": false,
            "name": "jsonschema",
            "permanent_members": null,
            "purpose": "",
            "topic": "Need help with JSON Schema? This channel is connected with the JSON Schema Slack workspace. Here you can talk with the JSON Schema community directly :raised_hands:"
          },
          "sensitive_attributes": [],
          "private": "bnVsbA==",
          "dependencies": [
            "module.users.data.slack_user.ambassadors"
          ]
        },
        {
          "index_key": "libopenapi-speakeasy",
          "schema_version": 0,
          "attributes": {
            "action_on_destroy": "archive",
            "action_on_update_permanent_members": "none",
            "adopt_existing_channel": true,
            "created": 1712232226,
            "creator": "U06QFSWLDA6",
            "id": "C06T5FG10QZ",
            "is_archived": false,
            "is_ext_shared": false,
            "is_general": false,
            "is_org_shared": false,
            "is_private": false,
            "is_shared": false,
            "name": "libopenapi-speakeasy",
            "permanent_members": null,
            "purpose": "",
            "topic": ""
          },
          "sensitive_attributes": [],
          "private": "bnVsbA==",
          "dependencies": [
            "module.users.data.slack_user.ambassadors"
          ]
        },
        {
          "index_key": "linux",
          "schema_version": 0,
          "attributes": {
            "action_on_destroy": "archive",
            "action_on_update_permanent_members": "none",
            "adopt_existing_channel": true,
            "created": 1712232227,
            "creator": "U06QFSWLDA6",
            "id": "C06SC8Y2YCF",
            "is_archived": false,
            "is_ext_shared": false,
            "is_general": false,
            "is_org_shared": false,
            "is_private": false,
            "is_shared": false,
            "name": "linux",
            "permanent_members": null,
            "purpose": "",
            "topic": ""
          },
          "sensitive_attributes": [],
          "private": "bnVsbA==",
          "dependencies": [
            "module.users.data.slack_user.ambassadors"
          ]
        },
        {
          "index_key": "maintainers",
          "schema_version": 0,
          "attributes": {
            "action_on_destroy": "archive",
            "action_on_update_permanent_members": "kick",
            "adopt_existing_channel": true,
            "created": 1711189151,
            "creator": "U06QFSWLDA6",
            "id": "C06QKPC4L87",
            "is_archived": false,
            "is_ext_shared": false,
            "is_general": false,
            "is_org_shared": false,
            "is_private": true,
            "is_shared": false,
            "name": "maintainers",
            "permanent_members": [
              "U06Q3J4SR5M",
              "U06QFSWLDA6",
              "U06QWQKA51P",
              "U06R27M7PHP",
              "U06R6V51YSC"
            ],
            "purpose": "A private channel for the maintainers of the test environment to discuss and share information.",
            "topic": "Private channel for maintainers of the test environment check if description of general changes."
          },
          "sensitive_attributes": [],
          "private": "bnVsbA==",
          "dependencies": [
            "module.users.data.slack_user.ambassadors"
          ]
        },
        {
          "index_key": "random-test",
          "schema_version": 0,
          "attributes": {
            "action_on_destroy": "archive",
            "action_on_update_permanent_members": "none",
            "adopt_existing_channel": true,
            "created": 1711189055,
            "creator": "U06QFSWLDA6",
            "id": "C06RP44V1BJ",
            "is_archived": false,
            "is_ext_shared": false,
            "is_general": false,
            "is_org_shared": false,
            "is_private": false,
            "is_shared": false,
            "name": "random-test",
            "permanent_members": [
              "U06Q3J4SR5M",
              "U06QFSWLDA6",
              "U06QWQKA51P",
              "U06R6V51YSC"
            ],
            "purpose": "Test if bookmark still stays. A place for non-work-related flimflam, faffing, hodge-podge or jibber-jabber you'd prefer to keep out of more focused work-related channels.",
            "topic": "Non-work banter and water cooler conversation"
          },
          "sensitive_attributes": [],
          "private": "bnVsbA==",
          "dependencies": [
            "module.users.data.slack_user.ambassadors"
          ]
        },
        {
          "index_key": "salemfr1100",
          "schema_version": 0,
          "attributes": {
            "action_on_destroy": "archive",
            "action_on_update_permanent_members": "none",
            "adopt_existing_channel": true,
            "created": 1712232226,
            "creator": "U06QFSWLDA6",
            "id": "C06SSRFRMBL",
            "is_archived": false,
            "is_ext_shared": false,
            "is_general": false,
            "is_org_shared": false,
            "is_private": false,
            "is_shared": false,
            "name": "salemfr1100",
            "permanent_members": null,
            "purpose": "",
            "topic": ""
          },
          "sensitive_attributes": [],
          "private": "bnVsbA==",
          "dependencies": [
            "module.users.data.slack_user.ambassadors"
          ]
        },
        {
          "index_key": "status-updates",
          "schema_version": 0,
          "attributes": {
            "action_on_destroy": "archive",
            "action_on_update_permanent_members": "none",
            "adopt_existing_channel": true,
            "created": 1712232227,
            "creator": "U06QFSWLDA6",
            "id": "C06SC8Y2V8X",
            "is_archived": false,
            "is_ext_shared": false,
            "is_general": false,
            "is_org_shared": false,
            "is_private": false,
            "is_shared": false,
            "name": "status-updates",
            "permanent_members": null,
            "purpose": "",
            "topic": ""
          },
          "sensitive_attributes": [],
          "private": "bnVsbA==",
          "dependencies": [
            "module.users.data.slack_user.ambassadors"
          ]
        },
        {
          "index_key": "temp-gsod-2024",
          "schema_version": 0,
          "attributes": {
            "action_on_destroy": "archive",
            "action_on_update_permanent_members": "none",
            "adopt_existing_channel": true,
            "created": 1712232228,
            "creator": "U06QFSWLDA6",
            "id": "C06TFK7LJ0Y",
            "is_archived": false,
            "is_ext_shared": false,
            "is_general": false,
            "is_org_shared": false,
            "is_private": false,
            "is_shared": false,
            "name": "temp-gsod-2024",
            "permanent_members": null,
            "purpose": "",
            "topic": ""
          },
          "sensitive_attributes": [],
          "private": "bnVsbA==",
          "dependencies": [
            "module.users.data.slack_user.ambassadors"
          ]
        },
        {
          "index_key": "test-bot-public",
          "schema_version": 0,
          "attributes": {
            "action_on_destroy": "archive",
            "action_on_update_permanent_members": "none",
            "adopt_existing_channel": true,
            "created": 1712232228,
            "creator": "U06QFSWLDA6",
            "id": "C06TFK7KTNC",
            "is_archived": false,
            "is_ext_shared": false,
            "is_general": false,
            "is_org_shared": false,
            "is_private": false,
            "is_shared": false,
            "name": "test-bot-public",
            "permanent_members": null,
            "purpose": "",
            "topic": ""
          },
          "sensitive_attributes": [],
          "private": "bnVsbA==",
          "dependencies": [
            "module.users.data.slack_user.ambassadors"
          ]
        }
      ]
    },
    {
      "module": "module.channels",
      "mode": "managed",
      "type": "slack_conversation",
      "name": "wg_channels",
      "provider": "provider[\"registry.terraform.io/pablovarela/slack\"]",
      "instances": [
        {
          "index_key": "Developer Experience",
          "schema_version": 0,
          "attributes": {
            "action_on_destroy": "archive",
            "action_on_update_permanent_members": "none",
            "adopt_existing_channel": true,
            "created": 1712234918,
            "creator": "U06QFSWLDA6",
            "id": "C06T5NBMD1P",
            "is_archived": false,
            "is_ext_shared": false,
            "is_general": false,
            "is_org_shared": false,
            "is_private": false,
            "is_shared": false,
            "name": "developer-experience-wg",
            "permanent_members": [
              "U06Q3J4SR5M",
              "U06QFSWLDA6",
              "U06R27M7PHP"
            ],
            "purpose": "The goal of this group is to empower AsyncAPI user journey trough intuitive onboarding, tools, and a frictionless experience.",
            "topic": "Current Roadmap: \u003chttps://shapeit.app/projects/org/asyncapi/16/cycles/ceb40c9d?issue=I_kwDOLQFNzc5-xigF\u003e"
          },
          "sensitive_attributes": [],
          "private": "bnVsbA==",
          "dependencies": [
            "module.users.data.slack_user.ambassadors"
          ]
        }
      ]
    },
    {
      "module": "module.groups",
      "mode": "managed",
      "type": "slack_usergroup",
      "name": "groups",
      "provider": "provider[\"registry.terraform.io/pablovarela/slack\"]",
      "instances": [
        {
          "index_key": "ambassador",
          "schema_version": 0,
          "attributes": {
            "channels": [],
            "description": "Ambassadors",
            "handle": "ambassador",
            "id": "S06QWBLHB9B",
            "name": "ambassador",
            "users": [
              "U06QFSWLDA6",
              "U06QWR556EM"
            ]
          },
          "sensitive_attributes": [],
          "private": "bnVsbA==",
          "dependencies": [
            "module.users.data.slack_user.ambassadors"
          ]
        },
        {
          "index_key": "maintainer",
          "schema_version": 0,
          "attributes": {
            "channels": [],
            "description": "Maintainers",
            "handle": "maintainer",
            "id": "S06RN2CDTG8",
            "name": "maintainer",
            "users": [
              "U06Q3J4SR5M",
              "U06QFSWLDA6",
              "U06QWQKA51P",
              "U06R27M7PHP",
              "U06R6V51YSC"
            ]
          },
          "sensitive_attributes": [],
          "private": "bnVsbA==",
          "dependencies": [
            "module.users.data.slack_user.ambassadors"
          ]
        },
        {
          "index_key": "tsc_members",
          "schema_version": 0,
          "attributes": {
            "channels": [],
            "description": "TSC members",
            "handle": "tsc_members",
            "id": "S06QXBNKZNH",
            "name": "tsc_members",
            "users": [
              "U06QFSWLDA6",
              "U06QWQKA51P",
              "U06R27M7PHP",
              "U06R6V51YSC"
            ]
          },
          "sensitive_attributes": [],
          "private": "bnVsbA==",
          "dependencies": [
            "module.users.data.slack_user.ambassadors"
          ]
        }
      ]
    },
    {
      "module": "module.groups",
      "mode": "managed",
      "type": "slack_usergroup",
      "name": "maintainer_repos",
      "provider": "provider[\"registry.terraform.io/pablovarela/slack\"]",
      "instances": [
        {
          "index_key": "another-repo",
          "schema_version": 0,
          "attributes": {
            "channels": [],
            "description": "Maintainers for another-repo",
            "handle": "maintainer_another-repo",
            "id": "S06QTMPQKBQ",
            "name": "maintainer_another-repo",
            "users": [
              "U06R27M7PHP"
            ]
          },
          "sensitive_attributes": [],
          "private": "bnVsbA==",
          "dependencies": [
            "module.users.data.slack_user.ambassadors"
          ]
        },
        {
          "index_key": "github-action-for-cli",
          "schema_version": 0,
          "attributes": {
            "channels": [],
            "description": "Maintainers for github-action-for-cli",
            "handle": "maintainer_github-action-for-cli",
            "id": "S06QTL0GNAJ",
            "name": "maintainer_github-action-for-cli",
            "users": [
              "U06QFSWLDA6",
              "U06QWQKA51P"
            ]
          },
          "sensitive_attributes": [],
          "private": "bnVsbA==",
          "dependencies": [
            "module.users.data.slack_user.ambassadors"
          ]
        },
        {
          "index_key": "new-repo",
          "schema_version": 0,
          "attributes": {
            "channels": [],
            "description": "Maintainers for new-repo",
            "handle": "maintainer_new-repo",
            "id": "S06QKPVDG7R",
            "name": "maintainer_new-repo",
            "users": [
              "U06QWQKA51P",
              "U06R27M7PHP"
            ]
          },
          "sensitive_attributes": [],
          "private": "bnVsbA==",
          "dependencies": [
            "module.users.data.slack_user.ambassadors"
          ]
        },
        {
          "index_key": "website",
          "schema_version": 0,
          "attributes": {
            "channels": [],
            "description": "Maintainers for website",
            "handle": "maintainer_website",
            "id": "S06QXBMGE77",
            "name": "maintainer_website",
            "users": [
              "U06Q3J4SR5M",
              "U06QWQKA51P",
              "U06R6V51YSC"
            ]
          },
          "sensitive_attributes": [],
          "private": "bnVsbA==",
          "dependencies": [
            "module.users.data.slack_user.ambassadors"
          ]
        }
      ]
    },
    {
      "module": "module.groups",
      "mode": "managed",
      "type": "slack_usergroup",
      "name": "wg_groups",
      "provider": "provider[\"registry.terraform.io/pablovarela/slack\"]",
      "instances": [
        {
          "index_key": "Developer Experience",
          "schema_version": 0,
          "attributes": {
            "channels": [],
            "description": "The goal of this group is to empower AsyncAPI user journey trough intuitive onboarding, tools, and a frictionless experience.",
            "handle": "wg_developer_experience",
            "id": "S06TFTE0KJ4",
            "name": "Developer Experience",
            "users": [
              "U06Q3J4SR5M",
              "U06QFSWLDA6",
              "U06R27M7PHP"
            ]
          },
          "sensitive_attributes": [],
          "private": "bnVsbA==",
          "dependencies": [
            "module.users.data.slack_user.ambassadors"
          ]
        }
      ]
    },
    {
      "module": "module.users",
      "mode": "data",
      "type": "slack_user",
      "name": "ambassadors",
      "provider": "provider[\"registry.terraform.io/pablovarela/slack\"]",
      "instances": [
        {
          "index_key": "ashishpadhy123@gmail.com",
          "schema_version": 0,
          "attributes": {
            "email": "ashishpadhy123@gmail.com",
            "id": "U06QFSWLDA6",
            "name": "ashishpadhy123"
          },
          "sensitive_attributes": []
        },
        {
          "index_key": "shurtugal3023@gmail.com",
          "schema_version": 0,
          "attributes": {
            "email": "shurtugal3023@gmail.com",
            "id": "U06QWR556EM",
            "name": "shurtugal3023"
          },
          "sensitive_attributes": []
        }
      ]
    }
  ],
  "check_results": null
}
